Microsoft Visual Studio Solution File, Format Version 12.00
# Visual Studio Version 17
VisualStudioVersion = 17.5.2.0
MinimumVisualStudioVersion = 10.0.40219.1
Project("{FAE04EC0-301F-11D3-BF4B-00C04F79EFBC}") = "tl2-tp4-2025-Maiguelon", "tl2-tp4-2025-Maiguelon.csproj", "{7AC4F5CC-C522-A9C3-EAB4-B586F2BCE406}"
EndProject
Global
	GlobalSection(SolutionConfigurationPlatforms) = preSolution
		Debug|Any CPU = Debug|Any CPU
		Release|Any CPU = Release|Any CPU
	EndGlobalSection
	GlobalSection(ProjectConfigurationPlatforms) = postSolution
		{7AC4F5CC-C522-A9C3-EAB4-B586F2BCE406}.Debug|Any CPU.ActiveCfg = Debug|Any CPU
		{7AC4F5CC-C522-A9C3-EAB4-B586F2BCE406}.Debug|Any CPU.Build.0 = Debug|Any CPU
		{7AC4F5CC-C522-A9C3-EAB4-B586F2BCE406}.Release|Any CPU.ActiveCfg = Release|Any CPU
		{7AC4F5CC-C522-A9C3-EAB4-B586F2BCE406}.Release|Any CPU.Build.0 = Release|Any CPU
	EndGlobalSection
	GlobalSection(SolutionProperties) = preSolution
		HideSolutionNode = FALSE
	EndGlobalSection
	GlobalSection(ExtensibilityGlobals) = postSolution
		SolutionGuid = {7CA4C35C-DC5E-4371-B380-01CE6D9D46AB}
	EndGlobalSection
EndGlobal
